<?xml version="1.0" encoding="UTF-8" standalone="yes" ?>
<CodeBlocks_project_file>
	<FileVersion major="1" minor="6" />
	<Project>
		<Option title="popplerlib" />
		<Option pch_mode="2" />
		<Option compiler="gcc" />
		<Build>
			<Target title="Debug_Win32">
				<Option output="$(SolutionDir)Debug_Win32\libpopplerlib_d.a" prefix_auto="1" extension_auto="1" />
				<Option working_dir="" />
				<Option object_output="Debug_Win32" />
				<Option type="2" />
				<Option compiler="gcc" />
				<Option createDefFile="1" />
				<Compiler>
					<Add option="-W" />
					<Add option="-O0" />
					<Add option="-D_WIN32" />
					<Add option="-DWIN32" />
					<Add option="-D_WINDOWS" />
					<Add option="-D_DEBUG" />
					<Add option="-DDEBUG" />
					<Add option="-DUSE_OWN_GET_AUTH_DATA" />
					<Add option='-DPOPPLER_DATADIR=\&quot;\&quot;' />
					<Add option="-DENABLE_ZLIB=1" />
					<Add option="-DENABLE_LIBJPEG=1" />
					<Add option="-D_WIN32_IE=0x0500" />
					<Add directory="$(PROJECTTOPDIR)\baseutils" />
					<Add directory="$(PROJECTTOPDIR)\src" />
					<Add directory="$(PROJECTTOPDIR)\poppler" />
					<Add directory="$(PROJECTTOPDIR)\poppler\goo" />
					<Add directory="$(PROJECTTOPDIR)\poppler\poppler" />
					<Add directory="$(PROJECTTOPDIR)\poppler\splash" />
					<Add directory="$(GTK_BASEPATH)\include" />
					<Add directory="$(GTK_BASEPATH)\include\freetype2" />
				</Compiler>
				<ResourceCompiler>
					<Add directory="$(PROJECTTOPDIR)\baseutils" />
					<Add directory="$(PROJECTTOPDIR)\src" />
					<Add directory="$(PROJECTTOPDIR)\poppler" />
					<Add directory="$(PROJECTTOPDIR)\poppler\goo" />
					<Add directory="$(PROJECTTOPDIR)\poppler\poppler" />
					<Add directory="$(PROJECTTOPDIR)\poppler\splash" />
					<Add directory="$(GTK_BASEPATH)\lib" />
				</ResourceCompiler>
				<Linker>
					<Add directory="$(GTK_BASEPATH)\lib" />
				</Linker>
			</Target>
			<Target title="Release_Win32">
				<Option output="lib.a" prefix_auto="1" extension_auto="1" />
				<Option working_dir="" />
				<Option object_output="Release_Win32" />
				<Option type="2" />
				<Option compiler="gcc" />
				<Option createDefFile="1" />
				<Compiler>
					<Add option="-O3" />
					<Add option="-W" />
					<Add option="-g" />
					<Add option="-DWIN32" />
					<Add option="-D_WIN32" />
					<Add option="-DNDEBUG" />
					<Add option="-D_WINDOWS" />
					<Add option="-DUSE_OWN_GET_AUTH_DATA" />
					<Add option='-DPOPPLER_DATADIR=\&quot;\&quot;' />
					<Add option="-DENABLE_ZLIB=1" />
					<Add option="-DENABLE_LIBJPEG=1" />
					<Add option="-D_WIN32_IE=0x0500" />
					<Add directory="$(PROJECTTOPDIR)\baseutils" />
					<Add directory="$(PROJECTTOPDIR)\src" />
					<Add directory="$(PROJECTTOPDIR)\poppler" />
					<Add directory="$(PROJECTTOPDIR)\poppler\goo" />
					<Add directory="$(PROJECTTOPDIR)\poppler\poppler" />
					<Add directory="$(PROJECTTOPDIR)\poppler\splash" />
					<Add directory="$(GTK_BASEPATH)\include" />
					<Add directory="$(GTK_BASEPATH)\include\freetype2" />
				</Compiler>
				<ResourceCompiler>
					<Add directory="$(PROJECTTOPDIR)\baseutils" />
					<Add directory="$(PROJECTTOPDIR)\src" />
					<Add directory="$(PROJECTTOPDIR)\poppler" />
					<Add directory="$(PROJECTTOPDIR)\poppler\goo" />
					<Add directory="$(PROJECTTOPDIR)\poppler\poppler" />
					<Add directory="$(PROJECTTOPDIR)\poppler\splash" />
					<Add directory="$(GTK_BASEPATH)\include" />
				</ResourceCompiler>
				<Linker>
					<Add option="-s" />
					<Add directory="$(GTK_BASEPATH)\lib" />
				</Linker>
			</Target>
		</Build>
		<Unit filename="poppler\fofi\FoFiBase.cc">
			<Option compilerVar="CC" />
		</Unit>
		<Unit filename="poppler\fofi\FoFiBase.h" />
		<Unit filename="poppler\fofi\FoFiEncodings.cc">
			<Option compilerVar="CC" />
		</Unit>
		<Unit filename="poppler\fofi\FoFiEncodings.h" />
		<Unit filename="poppler\fofi\FoFiTrueType.cc">
			<Option compilerVar="CC" />
		</Unit>
		<Unit filename="poppler\fofi\FoFiTrueType.h" />
		<Unit filename="poppler\fofi\FoFiType1.cc">
			<Option compilerVar="CC" />
		</Unit>
		<Unit filename="poppler\fofi\FoFiType1.h" />
		<Unit filename="poppler\fofi\FoFiType1C.cc">
			<Option compilerVar="CC" />
		</Unit>
		<Unit filename="poppler\fofi\FoFiType1C.h" />
		<Unit filename="poppler\goo\FastAlloc.cc">
			<Option compilerVar="CC" />
		</Unit>
		<Unit filename="poppler\goo\FastAlloc.h" />
		<Unit filename="poppler\goo\FastFixedAllocator.cc">
			<Option compilerVar="CC" />
		</Unit>
		<Unit filename="poppler\goo\FastFixedAllocator.h" />
		<Unit filename="poppler\goo\FixedPoint.cc">
			<Option compilerVar="CC" />
		</Unit>
		<Unit filename="poppler\goo\FixedPoint.h" />
		<Unit filename="poppler\goo\GooHash.cc">
			<Option compilerVar="CC" />
		</Unit>
		<Unit filename="poppler\goo\GooHash.h" />
		<Unit filename="poppler\goo\GooList.cc">
			<Option compilerVar="CC" />
		</Unit>
		<Unit filename="poppler\goo\GooList.h" />
		<Unit filename="poppler\goo\GooMutex.h" />
		<Unit filename="poppler\goo\GooString.cc">
			<Option compilerVar="CC" />
		</Unit>
		<Unit filename="poppler\goo\GooString.h" />
		<Unit filename="poppler\goo\GooTimer.cc">
			<Option compilerVar="CC" />
		</Unit>
		<Unit filename="poppler\goo\GooTimer.h" />
		<Unit filename="poppler\goo\GooVector.h" />
		<Unit filename="poppler\goo\gfile.cc">
			<Option compilerVar="CC" />
		</Unit>
		<Unit filename="poppler\goo\gfile.h" />
		<Unit filename="poppler\goo\gmem.c">
			<Option compilerVar="CC" />
		</Unit>
		<Unit filename="poppler\goo\gmem.h" />
		<Unit filename="poppler\goo\gmempp.cc">
			<Option compilerVar="CC" />
		</Unit>
		<Unit filename="poppler\goo\gtypes.h" />
		<Unit filename="poppler\poppler\Annot.cc">
			<Option compilerVar="CC" />
		</Unit>
		<Unit filename="poppler\poppler\Annot.h" />
		<Unit filename="poppler\poppler\Array.cc">
			<Option compilerVar="CC" />
		</Unit>
		<Unit filename="poppler\poppler\Array.h" />
		<Unit filename="poppler\poppler\BuiltinFont.cc">
			<Option compilerVar="CC" />
		</Unit>
		<Unit filename="poppler\poppler\BuiltinFont.h" />
		<Unit filename="poppler\poppler\BuiltinFontTables.cc">
			<Option compilerVar="CC" />
		</Unit>
		<Unit filename="poppler\poppler\BuiltinFontTables.h" />
		<Unit filename="poppler\poppler\CMap.cc">
			<Option compilerVar="CC" />
		</Unit>
		<Unit filename="poppler\poppler\CMap.h" />
		<Unit filename="poppler\poppler\Catalog.cc">
			<Option compilerVar="CC" />
		</Unit>
		<Unit filename="poppler\poppler\Catalog.h" />
		<Unit filename="poppler\poppler\CharCodeToUnicode.cc">
			<Option compilerVar="CC" />
		</Unit>
		<Unit filename="poppler\poppler\CharCodeToUnicode.h" />
		<Unit filename="poppler\poppler\CharTypes.h" />
		<Unit filename="poppler\poppler\CompactFontTables.h" />
		<Unit filename="poppler\poppler\DCTStream.cc">
			<Option compilerVar="CC" />
		</Unit>
		<Unit filename="poppler\poppler\DCTStream.h" />
		<Unit filename="poppler\poppler\Decrypt.cc">
			<Option compilerVar="CC" />
		</Unit>
		<Unit filename="poppler\poppler\Decrypt.h" />
		<Unit filename="poppler\poppler\Dict.cc">
			<Option compilerVar="CC" />
		</Unit>
		<Unit filename="poppler\poppler\Dict.h" />
		<Unit filename="poppler\poppler\Error.h" />
		<Unit filename="poppler\poppler\ErrorCodes.h" />
		<Unit filename="poppler\poppler\FlateStream.cc">
			<Option compilerVar="CC" />
		</Unit>
		<Unit filename="poppler\poppler\FontEncodingTables.cc">
			<Option compilerVar="CC" />
		</Unit>
		<Unit filename="poppler\poppler\FontEncodingTables.h" />
		<Unit filename="poppler\poppler\Function.cc">
			<Option compilerVar="CC" />
		</Unit>
		<Unit filename="poppler\poppler\Function.h" />
		<Unit filename="poppler\poppler\Gfx.cc">
			<Option compilerVar="CC" />
		</Unit>
		<Unit filename="poppler\poppler\Gfx.h" />
		<Unit filename="poppler\poppler\GfxFont.cc">
			<Option compilerVar="CC" />
		</Unit>
		<Unit filename="poppler\poppler\GfxFont.h" />
		<Unit filename="poppler\poppler\GfxState.cc">
			<Option compilerVar="CC" />
		</Unit>
		<Unit filename="poppler\poppler\GfxState.h" />
		<Unit filename="poppler\poppler\GlobalParams.cc">
			<Option compilerVar="CC" />
		</Unit>
		<Unit filename="poppler\poppler\GlobalParams.h" />
		<Unit filename="poppler\poppler\GlobalParamsWin.cc">
			<Option compilerVar="CC" />
		</Unit>
		<Unit filename="poppler\poppler\JArithmeticDecoder.cc">
			<Option compilerVar="CC" />
		</Unit>
		<Unit filename="poppler\poppler\JArithmeticDecoder.h" />
		<Unit filename="poppler\poppler\JBIG2Stream.cc">
			<Option compilerVar="CC" />
		</Unit>
		<Unit filename="poppler\poppler\JBIG2Stream.h" />
		<Unit filename="poppler\poppler\JPXStream.cc">
			<Option compilerVar="CC" />
		</Unit>
		<Unit filename="poppler\poppler\JPXStream.h" />
		<Unit filename="poppler\poppler\Lexer.cc">
			<Option compilerVar="CC" />
		</Unit>
		<Unit filename="poppler\poppler\Lexer.h" />
		<Unit filename="poppler\poppler\Link.cc">
			<Option compilerVar="CC" />
		</Unit>
		<Unit filename="poppler\poppler\Link.h" />
		<Unit filename="poppler\poppler\NameToCharCode.cc">
			<Option compilerVar="CC" />
		</Unit>
		<Unit filename="poppler\poppler\NameToCharCode.h" />
		<Unit filename="poppler\poppler\NameToUnicodeTable.h" />
		<Unit filename="poppler\poppler\Object.cc">
			<Option compilerVar="CC" />
		</Unit>
		<Unit filename="poppler\poppler\Object.h" />
		<Unit filename="poppler\poppler\Outline.cc">
			<Option compilerVar="CC" />
		</Unit>
		<Unit filename="poppler\poppler\Outline.h" />
		<Unit filename="poppler\poppler\OutputDev.cc">
			<Option compilerVar="CC" />
		</Unit>
		<Unit filename="poppler\poppler\OutputDev.h" />
		<Unit filename="poppler\poppler\PDFDoc.cc">
			<Option compilerVar="CC" />
		</Unit>
		<Unit filename="poppler\poppler\PDFDoc.h" />
		<Unit filename="poppler\poppler\PDFDocEncoding.cc">
			<Option compilerVar="CC" />
		</Unit>
		<Unit filename="poppler\poppler\PDFDocEncoding.h" />
		<Unit filename="poppler\poppler\PSTokenizer.cc">
			<Option compilerVar="CC" />
		</Unit>
		<Unit filename="poppler\poppler\PSTokenizer.h" />
		<Unit filename="poppler\poppler\Page.cc">
			<Option compilerVar="CC" />
		</Unit>
		<Unit filename="poppler\poppler\Page.h" />
		<Unit filename="poppler\poppler\PageLabelInfo.cc">
			<Option compilerVar="CC" />
		</Unit>
		<Unit filename="poppler\poppler\PageLabelInfo.h" />
		<Unit filename="poppler\poppler\Parser.cc">
			<Option compilerVar="CC" />
		</Unit>
		<Unit filename="poppler\poppler\Parser.h" />
		<Unit filename="poppler\poppler\SecurityHandler.cc">
			<Option compilerVar="CC" />
		</Unit>
		<Unit filename="poppler\poppler\SecurityHandler.h" />
		<Unit filename="poppler\poppler\Sound.cc">
			<Option compilerVar="CC" />
		</Unit>
		<Unit filename="poppler\poppler\Sound.h" />
		<Unit filename="poppler\poppler\SplashOutputDev.cc">
			<Option compilerVar="CC" />
		</Unit>
		<Unit filename="poppler\poppler\SplashOutputDev.h" />
		<Unit filename="poppler\poppler\Stream-CCITT.h" />
		<Unit filename="poppler\poppler\Stream.cc">
			<Option compilerVar="CC" />
		</Unit>
		<Unit filename="poppler\poppler\Stream.h" />
		<Unit filename="poppler\poppler\TextOutputDev.cc">
			<Option compilerVar="CC" />
		</Unit>
		<Unit filename="poppler\poppler\TextOutputDev.h" />
		<Unit filename="poppler\poppler\UGooString.cc">
			<Option compilerVar="CC" />
		</Unit>
		<Unit filename="poppler\poppler\UGooString.h" />
		<Unit filename="poppler\poppler\UTF8.h" />
		<Unit filename="poppler\poppler\UnicodeCClassTables.h" />
		<Unit filename="poppler\poppler\UnicodeCompTables.h" />
		<Unit filename="poppler\poppler\UnicodeDecompTables.h" />
		<Unit filename="poppler\poppler\UnicodeMap.cc">
			<Option compilerVar="CC" />
		</Unit>
		<Unit filename="poppler\poppler\UnicodeMap.h" />
		<Unit filename="poppler\poppler\UnicodeMapTables.h" />
		<Unit filename="poppler\poppler\UnicodeTypeTable.cc">
			<Option compilerVar="CC" />
		</Unit>
		<Unit filename="poppler\poppler\UnicodeTypeTable.h" />
		<Unit filename="poppler\poppler\XRef.cc">
			<Option compilerVar="CC" />
		</Unit>
		<Unit filename="poppler\poppler\XRef.h" />
		<Unit filename="poppler\poppler\XpdfPluginAPI.cc">
			<Option compilerVar="CC" />
		</Unit>
		<Unit filename="poppler\poppler\XpdfPluginAPI.h" />
		<Unit filename="poppler\splash\Splash.cc">
			<Option compilerVar="CC" />
		</Unit>
		<Unit filename="poppler\splash\Splash.h" />
		<Unit filename="poppler\splash\SplashBitmap.cc">
			<Option compilerVar="CC" />
		</Unit>
		<Unit filename="poppler\splash\SplashBitmap.h" />
		<Unit filename="poppler\splash\SplashClip.cc">
			<Option compilerVar="CC" />
		</Unit>
		<Unit filename="poppler\splash\SplashClip.h" />
		<Unit filename="poppler\splash\SplashErrorCodes.h" />
		<Unit filename="poppler\splash\SplashFTFont.cc">
			<Option compilerVar="CC" />
		</Unit>
		<Unit filename="poppler\splash\SplashFTFont.h" />
		<Unit filename="poppler\splash\SplashFTFontEngine.cc">
			<Option compilerVar="CC" />
		</Unit>
		<Unit filename="poppler\splash\SplashFTFontEngine.h" />
		<Unit filename="poppler\splash\SplashFTFontFile.cc">
			<Option compilerVar="CC" />
		</Unit>
		<Unit filename="poppler\splash\SplashFTFontFile.h" />
		<Unit filename="poppler\splash\SplashFont.cc">
			<Option compilerVar="CC" />
		</Unit>
		<Unit filename="poppler\splash\SplashFont.h" />
		<Unit filename="poppler\splash\SplashFontEngine.cc">
			<Option compilerVar="CC" />
		</Unit>
		<Unit filename="poppler\splash\SplashFontEngine.h" />
		<Unit filename="poppler\splash\SplashFontFile.cc">
			<Option compilerVar="CC" />
		</Unit>
		<Unit filename="poppler\splash\SplashFontFile.h" />
		<Unit filename="poppler\splash\SplashFontFileID.cc">
			<Option compilerVar="CC" />
		</Unit>
		<Unit filename="poppler\splash\SplashFontFileID.h" />
		<Unit filename="poppler\splash\SplashGlyphBitmap.h" />
		<Unit filename="poppler\splash\SplashMath.h" />
		<Unit filename="poppler\splash\SplashPath.cc">
			<Option compilerVar="CC" />
		</Unit>
		<Unit filename="poppler\splash\SplashPath.h" />
		<Unit filename="poppler\splash\SplashPattern.cc">
			<Option compilerVar="CC" />
		</Unit>
		<Unit filename="poppler\splash\SplashPattern.h" />
		<Unit filename="poppler\splash\SplashScreen.cc">
			<Option compilerVar="CC" />
		</Unit>
		<Unit filename="poppler\splash\SplashScreen.h" />
		<Unit filename="poppler\splash\SplashState.cc">
			<Option compilerVar="CC" />
		</Unit>
		<Unit filename="poppler\splash\SplashState.h" />
		<Unit filename="poppler\splash\SplashTypes.h" />
		<Unit filename="poppler\splash\SplashXPath.cc">
			<Option compilerVar="CC" />
		</Unit>
		<Unit filename="poppler\splash\SplashXPath.h" />
		<Unit filename="poppler\splash\SplashXPathScanner.cc">
			<Option compilerVar="CC" />
		</Unit>
		<Unit filename="poppler\splash\SplashXPathScanner.h" />
		<Unit filename="src\Resource.h" />
		<Unit filename="src\config.h" />
		<Unit filename="src\poppler-config.h" />
		<Extensions>
			<code_completion />
			<envvars />
		</Extensions>
	</Project>
</CodeBlocks_project_file>
