<?xml version="1.0" encoding="utf-8"?>
<Project ToolsVersion="4.0" xmlns="http://schemas.microsoft.com/developer/msbuild/2003">
  <ItemGroup>
    <Filter Include="Source Files">
      <UniqueIdentifier>{4FC737F1-C7A5-4376-A066-2A32D752A2FF}</UniqueIdentifier>
      <Extensions>cpp;c;cc;cxx;def;odl;idl;hpj;bat;asm;asmx</Extensions>
    </Filter>
    <Filter Include="Header Files">
      <UniqueIdentifier>{93995380-89BD-4b04-88EB-625FBE52EBFB}</UniqueIdentifier>
      <Extensions>h;hpp;hxx;hm;inl;inc;xsd</Extensions>
    </Filter>
    <Filter Include="Resource Files">
      <UniqueIdentifier>{67DA6AB6-F800-4c08-8B7A-83BB121AAD01}</UniqueIdentifier>
      <Extensions>rc;ico;cur;bmp;dlg;rc2;rct;bin;rgs;gif;jpg;jpeg;jpe;resx;tiff;tif;png;wav;mfcribbon-ms</Extensions>
    </Filter>
    <Filter Include="halx86">
      <UniqueIdentifier>{310b529e-f423-44bd-946b-be0653954a78}</UniqueIdentifier>
    </Filter>
    <Filter Include="halx86\apic">
      <UniqueIdentifier>{626a2bce-828a-42fe-80c6-e532c7085c9d}</UniqueIdentifier>
    </Filter>
  </ItemGroup>
  <ItemGroup>
    <ClCompile Include="..\halx86\apic\apic.c">
      <Filter>halx86\apic</Filter>
    </ClCompile>
    <ClCompile Include="..\halx86\apic\apictimer.c">
      <Filter>halx86\apic</Filter>
    </ClCompile>
    <ClCompile Include="..\halx86\apic\halinit_apic.c">
      <Filter>halx86\apic</Filter>
    </ClCompile>
    <ClCompile Include="..\halx86\apic\rtctimer.c">
      <Filter>halx86\apic</Filter>
    </ClCompile>
    <ClCompile Include="..\halx86\apic\tsc.c">
      <Filter>halx86\apic</Filter>
    </ClCompile>
  </ItemGroup>
  <ItemGroup>
    <None Include="..\CMakeLists.txt" />
    <None Include="..\halx86\apic.cmake" />
  </ItemGroup>
  <ItemGroup>
    <ClInclude Include="..\halx86\apic\apic.h">
      <Filter>halx86\apic</Filter>
    </ClInclude>
    <ClInclude Include="..\halx86\apic\tsc.h">
      <Filter>halx86\apic</Filter>
    </ClInclude>
  </ItemGroup>
  <ItemGroup>
    <CustomBuild Include="..\halx86\apic\tsccal.S">
      <Filter>halx86\apic</Filter>
    </CustomBuild>
    <CustomBuild Include="..\halx86\apic\apictrap.S">
      <Filter>halx86\apic</Filter>
    </CustomBuild>
  </ItemGroup>
</Project>