<?xml version="1.0" encoding="utf-8"?>
<Project ToolsVersion="4.0" xmlns="http://schemas.microsoft.com/developer/msbuild/2003">
  <ItemGroup>
    <Filter Include="Source Files">
      <UniqueIdentifier>{4FC737F1-C7A5-4376-A066-2A32D752A2FF}</UniqueIdentifier>
      <Extensions>cpp;c;cc;cxx;def;odl;idl;hpj;bat;asm;asmx</Extensions>
    </Filter>
    <Filter Include="Header Files">
      <UniqueIdentifier>{93995380-89BD-4b04-88EB-625FBE52EBFB}</UniqueIdentifier>
      <Extensions>h;hpp;hxx;hm;inl;inc;xsd</Extensions>
    </Filter>
    <Filter Include="Resource Files">
      <UniqueIdentifier>{67DA6AB6-F800-4c08-8B7A-83BB121AAD01}</UniqueIdentifier>
      <Extensions>rc;ico;cur;bmp;dlg;rc2;rct;bin;rgs;gif;jpg;jpeg;jpe;resx;tiff;tif;png;wav;mfcribbon-ms</Extensions>
    </Filter>
    <Filter Include="halarm">
      <UniqueIdentifier>{66852019-7eeb-4667-a6d9-de140aa6a193}</UniqueIdentifier>
    </Filter>
    <Filter Include="halarm\generic">
      <UniqueIdentifier>{7e1ab6cf-0002-4e81-8729-ecfa5527ce76}</UniqueIdentifier>
    </Filter>
    <Filter Include="halarm\include">
      <UniqueIdentifier>{ae1c9999-6da8-46c5-adb3-2e6ac326956d}</UniqueIdentifier>
    </Filter>
    <Filter Include="halarm\omap3">
      <UniqueIdentifier>{e3f3bb3a-9610-4449-b455-d82bc145a04c}</UniqueIdentifier>
    </Filter>
    <Filter Include="halarm\versa">
      <UniqueIdentifier>{a740103f-4e28-4911-be1a-0f6318d674da}</UniqueIdentifier>
    </Filter>
    <Filter Include="halppc">
      <UniqueIdentifier>{15c2b264-50a6-4c8f-9b40-e9b2e8ea639f}</UniqueIdentifier>
    </Filter>
    <Filter Include="halppc\generic">
      <UniqueIdentifier>{54295c7a-c801-4207-81e2-1104c08ac98e}</UniqueIdentifier>
    </Filter>
    <Filter Include="halppc\include">
      <UniqueIdentifier>{f32e8440-2d18-4798-98a7-3f42da214414}</UniqueIdentifier>
    </Filter>
    <Filter Include="halppc\up">
      <UniqueIdentifier>{43533ac8-435f-48a5-80a9-e4118a5f5a93}</UniqueIdentifier>
    </Filter>
    <Filter Include="halx86">
      <UniqueIdentifier>{5b08f08a-0a71-4900-b072-d1902d7b1ce5}</UniqueIdentifier>
    </Filter>
    <Filter Include="halx86\acpi">
      <UniqueIdentifier>{301366b3-cc1d-444d-a8da-854cee70cf3d}</UniqueIdentifier>
    </Filter>
    <Filter Include="halx86\amd64">
      <UniqueIdentifier>{1c504c40-ada6-4570-b249-f5f17a821b55}</UniqueIdentifier>
    </Filter>
    <Filter Include="halx86\apic">
      <UniqueIdentifier>{243de1aa-203f-4179-a6ad-225d58eaf1d4}</UniqueIdentifier>
    </Filter>
    <Filter Include="halx86\generic">
      <UniqueIdentifier>{ee33405b-50be-4589-830e-7d13fc97e327}</UniqueIdentifier>
    </Filter>
    <Filter Include="halx86\include">
      <UniqueIdentifier>{a5e989c8-1c27-48cf-bc25-48e3584619e2}</UniqueIdentifier>
    </Filter>
    <Filter Include="halx86\legacy">
      <UniqueIdentifier>{96cb7267-5d3d-470e-886b-91d8d917de7e}</UniqueIdentifier>
    </Filter>
    <Filter Include="halx86\legacy\bus">
      <UniqueIdentifier>{5709669d-5062-4648-babe-205728955dc8}</UniqueIdentifier>
    </Filter>
    <Filter Include="halx86\mp">
      <UniqueIdentifier>{27b45ae5-2236-4378-a299-2166eb741bf1}</UniqueIdentifier>
    </Filter>
    <Filter Include="halx86\up">
      <UniqueIdentifier>{543f6a31-0773-403d-81f3-c72688de3b83}</UniqueIdentifier>
    </Filter>
    <Filter Include="halx86\xbox">
      <UniqueIdentifier>{e5e03b35-cd0d-41c5-a8f7-55ed2c5e0806}</UniqueIdentifier>
    </Filter>
  </ItemGroup>
  <ItemGroup>
    <ClCompile Include="..\halarm\generic\beep.c">
      <Filter>halarm\generic</Filter>
    </ClCompile>
    <ClCompile Include="..\halarm\generic\bus.c">
      <Filter>halarm\generic</Filter>
    </ClCompile>
    <ClCompile Include="..\halarm\generic\display.c">
      <Filter>halarm\generic</Filter>
    </ClCompile>
    <ClCompile Include="..\halarm\generic\dma.c">
      <Filter>halarm\generic</Filter>
    </ClCompile>
    <ClCompile Include="..\halarm\generic\drive.c">
      <Filter>halarm\generic</Filter>
    </ClCompile>
    <ClCompile Include="..\halarm\generic\fmutex.c">
      <Filter>halarm\generic</Filter>
    </ClCompile>
    <ClCompile Include="..\halarm\generic\halinit.c">
      <Filter>halarm\generic</Filter>
    </ClCompile>
    <ClCompile Include="..\halarm\generic\misc.c">
      <Filter>halarm\generic</Filter>
    </ClCompile>
    <ClCompile Include="..\halarm\generic\pic.c">
      <Filter>halarm\generic</Filter>
    </ClCompile>
    <ClCompile Include="..\halarm\generic\portio.c">
      <Filter>halarm\generic</Filter>
    </ClCompile>
    <ClCompile Include="..\halarm\generic\processor.c">
      <Filter>halarm\generic</Filter>
    </ClCompile>
    <ClCompile Include="..\halarm\generic\profil.c">
      <Filter>halarm\generic</Filter>
    </ClCompile>
    <ClCompile Include="..\halarm\generic\reboot.c">
      <Filter>halarm\generic</Filter>
    </ClCompile>
    <ClCompile Include="..\halarm\generic\rtc.c">
      <Filter>halarm\generic</Filter>
    </ClCompile>
    <ClCompile Include="..\halarm\generic\spinlock.c">
      <Filter>halarm\generic</Filter>
    </ClCompile>
    <ClCompile Include="..\halarm\generic\sysinfo.c">
      <Filter>halarm\generic</Filter>
    </ClCompile>
    <ClCompile Include="..\halarm\generic\timer.c">
      <Filter>halarm\generic</Filter>
    </ClCompile>
    <ClCompile Include="..\halarm\generic\usage.c">
      <Filter>halarm\generic</Filter>
    </ClCompile>
    <ClCompile Include="..\halarm\omap3\halinit_up.c">
      <Filter>halarm\omap3</Filter>
    </ClCompile>
    <ClCompile Include="..\halarm\versa\halinit_up.c">
      <Filter>halarm\versa</Filter>
    </ClCompile>
    <ClCompile Include="..\halppc\generic\beep.c">
      <Filter>halppc\generic</Filter>
    </ClCompile>
    <ClCompile Include="..\halppc\generic\bus.c">
      <Filter>halppc\generic</Filter>
    </ClCompile>
    <ClCompile Include="..\halppc\generic\cmos.c">
      <Filter>halppc\generic</Filter>
    </ClCompile>
    <ClCompile Include="..\halppc\generic\display.c">
      <Filter>halppc\generic</Filter>
    </ClCompile>
    <ClCompile Include="..\halppc\generic\dma.c">
      <Filter>halppc\generic</Filter>
    </ClCompile>
    <ClCompile Include="..\halppc\generic\drive.c">
      <Filter>halppc\generic</Filter>
    </ClCompile>
    <ClCompile Include="..\halppc\generic\enum.c">
      <Filter>halppc\generic</Filter>
    </ClCompile>
    <ClCompile Include="..\halppc\generic\fmutex.c">
      <Filter>halppc\generic</Filter>
    </ClCompile>
    <ClCompile Include="..\halppc\generic\font.c">
      <Filter>halppc\generic</Filter>
    </ClCompile>
    <ClCompile Include="..\halppc\generic\halinit.c">
      <Filter>halppc\generic</Filter>
    </ClCompile>
    <ClCompile Include="..\halppc\generic\irql.c">
      <Filter>halppc\generic</Filter>
    </ClCompile>
    <ClCompile Include="..\halppc\generic\isa.c">
      <Filter>halppc\generic</Filter>
    </ClCompile>
    <ClCompile Include="..\halppc\generic\misc.c">
      <Filter>halppc\generic</Filter>
    </ClCompile>
    <ClCompile Include="..\halppc\generic\pci.c">
      <Filter>halppc\generic</Filter>
    </ClCompile>
    <ClCompile Include="..\halppc\generic\portio.c">
      <Filter>halppc\generic</Filter>
    </ClCompile>
    <ClCompile Include="..\halppc\generic\processor.c">
      <Filter>halppc\generic</Filter>
    </ClCompile>
    <ClCompile Include="..\halppc\generic\profil.c">
      <Filter>halppc\generic</Filter>
    </ClCompile>
    <ClCompile Include="..\halppc\generic\reboot.c">
      <Filter>halppc\generic</Filter>
    </ClCompile>
    <ClCompile Include="..\halppc\generic\spinlock.c">
      <Filter>halppc\generic</Filter>
    </ClCompile>
    <ClCompile Include="..\halppc\generic\sysinfo.c">
      <Filter>halppc\generic</Filter>
    </ClCompile>
    <ClCompile Include="..\halppc\generic\timer.c">
      <Filter>halppc\generic</Filter>
    </ClCompile>
    <ClCompile Include="..\halppc\up\halinit_up.c">
      <Filter>halppc\up</Filter>
    </ClCompile>
    <ClCompile Include="..\halx86\acpi\busemul.c">
      <Filter>halx86\acpi</Filter>
    </ClCompile>
    <ClCompile Include="..\halx86\acpi\halacpi.c">
      <Filter>halx86\acpi</Filter>
    </ClCompile>
    <ClCompile Include="..\halx86\acpi\halpnpdd.c">
      <Filter>halx86\acpi</Filter>
    </ClCompile>
    <ClCompile Include="..\halx86\amd64\halinit.c">
      <Filter>halx86\amd64</Filter>
    </ClCompile>
    <ClCompile Include="..\halx86\amd64\processor.c">
      <Filter>halx86\amd64</Filter>
    </ClCompile>
    <ClCompile Include="..\halx86\amd64\stubs.c">
      <Filter>halx86\amd64</Filter>
    </ClCompile>
    <ClCompile Include="..\halx86\amd64\x86bios.c">
      <Filter>halx86\amd64</Filter>
    </ClCompile>
    <ClCompile Include="..\halx86\apic\apic.c">
      <Filter>halx86\apic</Filter>
    </ClCompile>
    <ClCompile Include="..\halx86\apic\apictimer.c">
      <Filter>halx86\apic</Filter>
    </ClCompile>
    <ClCompile Include="..\halx86\apic\halinit_apic.c">
      <Filter>halx86\apic</Filter>
    </ClCompile>
    <ClCompile Include="..\halx86\apic\rtctimer.c">
      <Filter>halx86\apic</Filter>
    </ClCompile>
    <ClCompile Include="..\halx86\apic\tsc.c">
      <Filter>halx86\apic</Filter>
    </ClCompile>
    <ClCompile Include="..\halx86\generic\beep.c">
      <Filter>halx86\generic</Filter>
    </ClCompile>
    <ClCompile Include="..\halx86\generic\bios.c">
      <Filter>halx86\generic</Filter>
    </ClCompile>
    <ClCompile Include="..\halx86\generic\cmos.c">
      <Filter>halx86\generic</Filter>
    </ClCompile>
    <ClCompile Include="..\halx86\generic\display.c">
      <Filter>halx86\generic</Filter>
    </ClCompile>
    <ClCompile Include="..\halx86\generic\dma.c">
      <Filter>halx86\generic</Filter>
    </ClCompile>
    <ClCompile Include="..\halx86\generic\drive.c">
      <Filter>halx86\generic</Filter>
    </ClCompile>
    <ClCompile Include="..\halx86\generic\halinit.c">
      <Filter>halx86\generic</Filter>
    </ClCompile>
    <ClCompile Include="..\halx86\generic\memory.c">
      <Filter>halx86\generic</Filter>
    </ClCompile>
    <ClCompile Include="..\halx86\generic\misc.c">
      <Filter>halx86\generic</Filter>
    </ClCompile>
    <ClCompile Include="..\halx86\generic\portio.c">
      <Filter>halx86\generic</Filter>
    </ClCompile>
    <ClCompile Include="..\halx86\generic\profil.c">
      <Filter>halx86\generic</Filter>
    </ClCompile>
    <ClCompile Include="..\halx86\generic\reboot.c">
      <Filter>halx86\generic</Filter>
    </ClCompile>
    <ClCompile Include="..\halx86\generic\spinlock.c">
      <Filter>halx86\generic</Filter>
    </ClCompile>
    <ClCompile Include="..\halx86\generic\sysinfo.c">
      <Filter>halx86\generic</Filter>
    </ClCompile>
    <ClCompile Include="..\halx86\generic\timer.c">
      <Filter>halx86\generic</Filter>
    </ClCompile>
    <ClCompile Include="..\halx86\generic\usage.c">
      <Filter>halx86\generic</Filter>
    </ClCompile>
    <ClCompile Include="..\halx86\legacy\bussupp.c">
      <Filter>halx86\legacy</Filter>
    </ClCompile>
    <ClCompile Include="..\halx86\legacy\halpcat.c">
      <Filter>halx86\legacy</Filter>
    </ClCompile>
    <ClCompile Include="..\halx86\legacy\halpnpdd.c">
      <Filter>halx86\legacy</Filter>
    </ClCompile>
    <ClCompile Include="..\halx86\legacy\bus\bushndlr.c">
      <Filter>halx86\legacy\bus</Filter>
    </ClCompile>
    <ClCompile Include="..\halx86\legacy\bus\cmosbus.c">
      <Filter>halx86\legacy\bus</Filter>
    </ClCompile>
    <ClCompile Include="..\halx86\legacy\bus\isabus.c">
      <Filter>halx86\legacy\bus</Filter>
    </ClCompile>
    <ClCompile Include="..\halx86\legacy\bus\pcibus.c">
      <Filter>halx86\legacy\bus</Filter>
    </ClCompile>
    <ClCompile Include="..\halx86\legacy\bus\sysbus.c">
      <Filter>halx86\legacy\bus</Filter>
    </ClCompile>
    <ClCompile Include="..\halx86\mp\apic.c">
      <Filter>halx86\mp</Filter>
    </ClCompile>
    <ClCompile Include="..\halx86\mp\halinit_mp.c">
      <Filter>halx86\mp</Filter>
    </ClCompile>
    <ClCompile Include="..\halx86\mp\ioapic.c">
      <Filter>halx86\mp</Filter>
    </ClCompile>
    <ClCompile Include="..\halx86\mp\ipi_mp.c">
      <Filter>halx86\mp</Filter>
    </ClCompile>
    <ClCompile Include="..\halx86\mp\mpconfig.c">
      <Filter>halx86\mp</Filter>
    </ClCompile>
    <ClCompile Include="..\halx86\mp\mpsirql.c">
      <Filter>halx86\mp</Filter>
    </ClCompile>
    <ClCompile Include="..\halx86\mp\processor_mp.c">
      <Filter>halx86\mp</Filter>
    </ClCompile>
    <ClCompile Include="..\halx86\up\halinit_mini.c">
      <Filter>halx86\up</Filter>
    </ClCompile>
    <ClCompile Include="..\halx86\up\halinit_up.c">
      <Filter>halx86\up</Filter>
    </ClCompile>
    <ClCompile Include="..\halx86\up\pic.c">
      <Filter>halx86\up</Filter>
    </ClCompile>
    <ClCompile Include="..\halx86\up\processor.c">
      <Filter>halx86\up</Filter>
    </ClCompile>
    <ClCompile Include="..\halx86\xbox\halinit_xbox.c">
      <Filter>halx86\xbox</Filter>
    </ClCompile>
    <ClCompile Include="..\halx86\xbox\part_xbox.c">
      <Filter>halx86\xbox</Filter>
    </ClCompile>
  </ItemGroup>
  <ItemGroup>
    <None Include="..\halarm\generic\cache.S">
      <Filter>halarm\generic</Filter>
    </None>
    <None Include="..\halx86\acpi.cmake">
      <Filter>halx86</Filter>
    </None>
    <None Include="..\halx86\apic.cmake">
      <Filter>halx86</Filter>
    </None>
    <None Include="..\halx86\CMakeLists.txt">
      <Filter>halx86</Filter>
    </None>
    <None Include="..\halx86\generic.cmake">
      <Filter>halx86</Filter>
    </None>
    <None Include="..\halx86\legacy.cmake">
      <Filter>halx86</Filter>
    </None>
    <None Include="..\halx86\minihal.cmake">
      <Filter>halx86</Filter>
    </None>
    <None Include="..\halx86\pcidata.cmake">
      <Filter>halx86</Filter>
    </None>
    <None Include="..\halx86\pic.cmake">
      <Filter>halx86</Filter>
    </None>
    <None Include="..\halx86\up.cmake">
      <Filter>halx86</Filter>
    </None>
    <None Include="..\halx86\amd64\mps.S">
      <Filter>halx86\amd64</Filter>
    </None>
    <None Include="..\halx86\amd64\systimer.S">
      <Filter>halx86\amd64</Filter>
    </None>
    <None Include="..\halx86\apic\apictrap.S">
      <Filter>halx86\apic</Filter>
    </None>
    <None Include="..\halx86\apic\tsccal.S">
      <Filter>halx86\apic</Filter>
    </None>
    <None Include="..\halx86\generic\systimer.S">
      <Filter>halx86\generic</Filter>
    </None>
    <None Include="..\halx86\generic\trap.S">
      <Filter>halx86\generic</Filter>
    </None>
    <None Include="..\halx86\generic\v86.S">
      <Filter>halx86\generic</Filter>
    </None>
    <None Include="..\halx86\legacy\bus\pci_classes.ids">
      <Filter>halx86\legacy\bus</Filter>
    </None>
    <None Include="..\halx86\legacy\bus\pci_vendors.ids">
      <Filter>halx86\legacy\bus</Filter>
    </None>
    <None Include="..\halx86\mp\mps.S">
      <Filter>halx86\mp</Filter>
    </None>
    <None Include="..\halx86\mp\mpsboot.asm">
      <Filter>halx86\mp</Filter>
    </None>
    <None Include="..\CMakeLists.txt" />
  </ItemGroup>
  <ItemGroup>
    <ClInclude Include="..\halarm\include\hal.h">
      <Filter>halarm\include</Filter>
    </ClInclude>
    <ClInclude Include="..\halarm\include\halp.h">
      <Filter>halarm\include</Filter>
    </ClInclude>
    <ClInclude Include="..\halppc\include\apic.h">
      <Filter>halppc\include</Filter>
    </ClInclude>
    <ClInclude Include="..\halppc\include\bus.h">
      <Filter>halppc\include</Filter>
    </ClInclude>
    <ClInclude Include="..\halppc\include\hal.h">
      <Filter>halppc\include</Filter>
    </ClInclude>
    <ClInclude Include="..\halppc\include\haldma.h">
      <Filter>halppc\include</Filter>
    </ClInclude>
    <ClInclude Include="..\halppc\include\halirq.h">
      <Filter>halppc\include</Filter>
    </ClInclude>
    <ClInclude Include="..\halppc\include\halp.h">
      <Filter>halppc\include</Filter>
    </ClInclude>
    <ClInclude Include="..\halppc\include\ioapic.h">
      <Filter>halppc\include</Filter>
    </ClInclude>
    <ClInclude Include="..\halppc\include\mps.h">
      <Filter>halppc\include</Filter>
    </ClInclude>
    <ClInclude Include="..\halx86\apic\apic.h">
      <Filter>halx86\apic</Filter>
    </ClInclude>
    <ClInclude Include="..\halx86\apic\tsc.h">
      <Filter>halx86\apic</Filter>
    </ClInclude>
    <ClInclude Include="..\halx86\include\apic.h">
      <Filter>halx86\include</Filter>
    </ClInclude>
    <ClInclude Include="..\halx86\include\bus.h">
      <Filter>halx86\include</Filter>
    </ClInclude>
    <ClInclude Include="..\halx86\include\hal.h">
      <Filter>halx86\include</Filter>
    </ClInclude>
    <ClInclude Include="..\halx86\include\halacpi.h">
      <Filter>halx86\include</Filter>
    </ClInclude>
    <ClInclude Include="..\halx86\include\haldma.h">
      <Filter>halx86\include</Filter>
    </ClInclude>
    <ClInclude Include="..\halx86\include\halirq.h">
      <Filter>halx86\include</Filter>
    </ClInclude>
    <ClInclude Include="..\halx86\include\halp.h">
      <Filter>halx86\include</Filter>
    </ClInclude>
    <ClInclude Include="..\halx86\include\ioapic.h">
      <Filter>halx86\include</Filter>
    </ClInclude>
    <ClInclude Include="..\halx86\include\mps.h">
      <Filter>halx86\include</Filter>
    </ClInclude>
    <ClInclude Include="..\halx86\xbox\halxbox.h">
      <Filter>halx86\xbox</Filter>
    </ClInclude>
  </ItemGroup>
  <ItemGroup>
    <ResourceCompile Include="..\halarm\omap3\halup.rc">
      <Filter>halarm\omap3</Filter>
    </ResourceCompile>
    <ResourceCompile Include="..\halarm\versa\halup.rc">
      <Filter>halarm\versa</Filter>
    </ResourceCompile>
    <ResourceCompile Include="..\halppc\up\halup.rc">
      <Filter>halppc\up</Filter>
    </ResourceCompile>
    <ResourceCompile Include="..\halx86\acpi\halacpi.rc">
      <Filter>halx86\acpi</Filter>
    </ResourceCompile>
    <ResourceCompile Include="..\halx86\mp\halmp.rc">
      <Filter>halx86\mp</Filter>
    </ResourceCompile>
    <ResourceCompile Include="..\halx86\up\halup.rc">
      <Filter>halx86\up</Filter>
    </ResourceCompile>
    <ResourceCompile Include="..\halx86\xbox\halxbox.rc">
      <Filter>halx86\xbox</Filter>
    </ResourceCompile>
  </ItemGroup>
</Project>