<?xml version="1.0" encoding="utf-8"?>
<Project ToolsVersion="4.0" xmlns="http://schemas.microsoft.com/developer/msbuild/2003">
  <ItemGroup>
    <Filter Include="Source Files">
      <UniqueIdentifier>{4FC737F1-C7A5-4376-A066-2A32D752A2FF}</UniqueIdentifier>
      <Extensions>cpp;c;cc;cxx;def;odl;idl;hpj;bat;asm;asmx</Extensions>
    </Filter>
    <Filter Include="Header Files">
      <UniqueIdentifier>{93995380-89BD-4b04-88EB-625FBE52EBFB}</UniqueIdentifier>
      <Extensions>h;hpp;hxx;hm;inl;inc;xsd</Extensions>
    </Filter>
    <Filter Include="Resource Files">
      <UniqueIdentifier>{67DA6AB6-F800-4c08-8B7A-83BB121AAD01}</UniqueIdentifier>
      <Extensions>rc;ico;cur;bmp;dlg;rc2;rct;bin;rgs;gif;jpg;jpeg;jpe;resx;tiff;tif;png;wav;mfcribbon-ms</Extensions>
    </Filter>
    <Filter Include="lang">
      <UniqueIdentifier>{6631a93b-1fe5-4f64-90ef-37e3c81cc374}</UniqueIdentifier>
    </Filter>
    <Filter Include="res">
      <UniqueIdentifier>{feedba9e-dc27-441d-8dfd-23fb1f68abf4}</UniqueIdentifier>
    </Filter>
  </ItemGroup>
  <ItemGroup>
    <ClCompile Include="alias.c">
      <Filter>Source Files</Filter>
    </ClCompile>
    <ClCompile Include="assoc.c">
      <Filter>Source Files</Filter>
    </ClCompile>
    <ClCompile Include="attrib.c">
      <Filter>Source Files</Filter>
    </ClCompile>
    <ClCompile Include="batch.c">
      <Filter>Source Files</Filter>
    </ClCompile>
    <ClCompile Include="beep.c">
      <Filter>Source Files</Filter>
    </ClCompile>
    <ClCompile Include="call.c">
      <Filter>Source Files</Filter>
    </ClCompile>
    <ClCompile Include="chcp.c">
      <Filter>Source Files</Filter>
    </ClCompile>
    <ClCompile Include="choice.c">
      <Filter>Source Files</Filter>
    </ClCompile>
    <ClCompile Include="cls.c">
      <Filter>Source Files</Filter>
    </ClCompile>
    <ClCompile Include="cmd.c">
      <Filter>Source Files</Filter>
    </ClCompile>
    <ClCompile Include="cmddbg.c">
      <Filter>Source Files</Filter>
    </ClCompile>
    <ClCompile Include="cmdinput.c">
      <Filter>Source Files</Filter>
    </ClCompile>
    <ClCompile Include="cmdtable.c">
      <Filter>Source Files</Filter>
    </ClCompile>
    <ClCompile Include="color.c">
      <Filter>Source Files</Filter>
    </ClCompile>
    <ClCompile Include="console.c">
      <Filter>Source Files</Filter>
    </ClCompile>
    <ClCompile Include="copy.c">
      <Filter>Source Files</Filter>
    </ClCompile>
    <ClCompile Include="date.c">
      <Filter>Source Files</Filter>
    </ClCompile>
    <ClCompile Include="del.c">
      <Filter>Source Files</Filter>
    </ClCompile>
    <ClCompile Include="delay.c">
      <Filter>Source Files</Filter>
    </ClCompile>
    <ClCompile Include="dir.c">
      <Filter>Source Files</Filter>
    </ClCompile>
    <ClCompile Include="dirstack.c">
      <Filter>Source Files</Filter>
    </ClCompile>
    <ClCompile Include="echo.c">
      <Filter>Source Files</Filter>
    </ClCompile>
    <ClCompile Include="error.c">
      <Filter>Source Files</Filter>
    </ClCompile>
    <ClCompile Include="filecomp.c">
      <Filter>Source Files</Filter>
    </ClCompile>
    <ClCompile Include="for.c">
      <Filter>Source Files</Filter>
    </ClCompile>
    <ClCompile Include="free.c">
      <Filter>Source Files</Filter>
    </ClCompile>
    <ClCompile Include="goto.c">
      <Filter>Source Files</Filter>
    </ClCompile>
    <ClCompile Include="history.c">
      <Filter>Source Files</Filter>
    </ClCompile>
    <ClCompile Include="if.c">
      <Filter>Source Files</Filter>
    </ClCompile>
    <ClCompile Include="internal.c">
      <Filter>Source Files</Filter>
    </ClCompile>
    <ClCompile Include="label.c">
      <Filter>Source Files</Filter>
    </ClCompile>
    <ClCompile Include="locale.c">
      <Filter>Source Files</Filter>
    </ClCompile>
    <ClCompile Include="memory.c">
      <Filter>Source Files</Filter>
    </ClCompile>
    <ClCompile Include="misc.c">
      <Filter>Source Files</Filter>
    </ClCompile>
    <ClCompile Include="mklink.c">
      <Filter>Source Files</Filter>
    </ClCompile>
    <ClCompile Include="move.c">
      <Filter>Source Files</Filter>
    </ClCompile>
    <ClCompile Include="msgbox.c">
      <Filter>Source Files</Filter>
    </ClCompile>
    <ClCompile Include="parser.c">
      <Filter>Source Files</Filter>
    </ClCompile>
    <ClCompile Include="path.c">
      <Filter>Source Files</Filter>
    </ClCompile>
    <ClCompile Include="pause.c">
      <Filter>Source Files</Filter>
    </ClCompile>
    <ClCompile Include="prompt.c">
      <Filter>Source Files</Filter>
    </ClCompile>
    <ClCompile Include="redir.c">
      <Filter>Source Files</Filter>
    </ClCompile>
    <ClCompile Include="ren.c">
      <Filter>Source Files</Filter>
    </ClCompile>
    <ClCompile Include="replace.c">
      <Filter>Source Files</Filter>
    </ClCompile>
    <ClCompile Include="screen.c">
      <Filter>Source Files</Filter>
    </ClCompile>
    <ClCompile Include="set.c">
      <Filter>Source Files</Filter>
    </ClCompile>
    <ClCompile Include="setlocal.c">
      <Filter>Source Files</Filter>
    </ClCompile>
    <ClCompile Include="shift.c">
      <Filter>Source Files</Filter>
    </ClCompile>
    <ClCompile Include="start.c">
      <Filter>Source Files</Filter>
    </ClCompile>
    <ClCompile Include="strtoclr.c">
      <Filter>Source Files</Filter>
    </ClCompile>
    <ClCompile Include="time.c">
      <Filter>Source Files</Filter>
    </ClCompile>
    <ClCompile Include="timer.c">
      <Filter>Source Files</Filter>
    </ClCompile>
    <ClCompile Include="title.c">
      <Filter>Source Files</Filter>
    </ClCompile>
    <ClCompile Include="type.c">
      <Filter>Source Files</Filter>
    </ClCompile>
    <ClCompile Include="ver.c">
      <Filter>Source Files</Filter>
    </ClCompile>
    <ClCompile Include="verify.c">
      <Filter>Source Files</Filter>
    </ClCompile>
    <ClCompile Include="vol.c">
      <Filter>Source Files</Filter>
    </ClCompile>
    <ClCompile Include="where.c">
      <Filter>Source Files</Filter>
    </ClCompile>
    <ClCompile Include="window.c">
      <Filter>Source Files</Filter>
    </ClCompile>
  </ItemGroup>
  <ItemGroup>
    <ClInclude Include="batch.h">
      <Filter>Header Files</Filter>
    </ClInclude>
    <ClInclude Include="cmd.h">
      <Filter>Header Files</Filter>
    </ClInclude>
    <ClInclude Include="cmddbg.h">
      <Filter>Header Files</Filter>
    </ClInclude>
    <ClInclude Include="cmdver.h">
      <Filter>Header Files</Filter>
    </ClInclude>
    <ClInclude Include="config.h">
      <Filter>Header Files</Filter>
    </ClInclude>
    <ClInclude Include="precomp.h">
      <Filter>Header Files</Filter>
    </ClInclude>
    <ClInclude Include="resource.h">
      <Filter>Header Files</Filter>
    </ClInclude>
  </ItemGroup>
  <ItemGroup>
    <None Include="CMakeLists.txt" />
    <None Include="files.txt" />
    <None Include="history.txt" />
    <None Include="license.txt" />
    <None Include="readme.txt" />
    <None Include="readme2.txt" />
    <None Include="ren.txt" />
    <None Include="todo.txt" />
    <None Include="res\terminal.ico">
      <Filter>res</Filter>
    </None>
  </ItemGroup>
  <ItemGroup>
    <ResourceCompile Include="cmd.rc">
      <Filter>Resource Files</Filter>
    </ResourceCompile>
    <ResourceCompile Include="rsrc.rc">
      <Filter>Resource Files</Filter>
    </ResourceCompile>
    <ResourceCompile Include="lang\de-DE.rc">
      <Filter>lang</Filter>
    </ResourceCompile>
    <ResourceCompile Include="lang\el-GR.rc">
      <Filter>lang</Filter>
    </ResourceCompile>
    <ResourceCompile Include="lang\en-US.rc">
      <Filter>lang</Filter>
    </ResourceCompile>
    <ResourceCompile Include="lang\es-ES.rc">
      <Filter>lang</Filter>
    </ResourceCompile>
    <ResourceCompile Include="lang\fr-FR.rc">
      <Filter>lang</Filter>
    </ResourceCompile>
    <ResourceCompile Include="lang\hu-HU.rc">
      <Filter>lang</Filter>
    </ResourceCompile>
    <ResourceCompile Include="lang\id-ID.rc">
      <Filter>lang</Filter>
    </ResourceCompile>
    <ResourceCompile Include="lang\it-IT.rc">
      <Filter>lang</Filter>
    </ResourceCompile>
    <ResourceCompile Include="lang\ja-JP.rc">
      <Filter>lang</Filter>
    </ResourceCompile>
    <ResourceCompile Include="lang\no-NO.rc">
      <Filter>lang</Filter>
    </ResourceCompile>
    <ResourceCompile Include="lang\pl-PL.rc">
      <Filter>lang</Filter>
    </ResourceCompile>
    <ResourceCompile Include="lang\ro-RO.rc">
      <Filter>lang</Filter>
    </ResourceCompile>
    <ResourceCompile Include="lang\ru-RU.rc">
      <Filter>lang</Filter>
    </ResourceCompile>
    <ResourceCompile Include="lang\sk-SK.rc">
      <Filter>lang</Filter>
    </ResourceCompile>
    <ResourceCompile Include="lang\sv-SE.rc">
      <Filter>lang</Filter>
    </ResourceCompile>
    <ResourceCompile Include="lang\uk-UA.rc">
      <Filter>lang</Filter>
    </ResourceCompile>
    <ResourceCompile Include="lang\zh-CN.rc">
      <Filter>lang</Filter>
    </ResourceCompile>
  </ItemGroup>
</Project>