<?xml version="1.0" encoding="utf-8"?>
<Project ToolsVersion="4.0" xmlns="http://schemas.microsoft.com/developer/msbuild/2003">
  <ItemGroup>
    <Filter Include="Source Files">
      <UniqueIdentifier>{4FC737F1-C7A5-4376-A066-2A32D752A2FF}</UniqueIdentifier>
      <Extensions>cpp;c;cc;cxx;def;odl;idl;hpj;bat;asm;asmx</Extensions>
    </Filter>
    <Filter Include="Header Files">
      <UniqueIdentifier>{93995380-89BD-4b04-88EB-625FBE52EBFB}</UniqueIdentifier>
      <Extensions>h;hpp;hxx;hm;inl;inc;xsd</Extensions>
    </Filter>
    <Filter Include="Resource Files">
      <UniqueIdentifier>{67DA6AB6-F800-4c08-8B7A-83BB121AAD01}</UniqueIdentifier>
      <Extensions>rc;ico;cur;bmp;dlg;rc2;rct;bin;rgs;gif;jpg;jpeg;jpe;resx;tiff;tif;png;wav;mfcribbon-ms</Extensions>
    </Filter>
    <Filter Include="port">
      <UniqueIdentifier>{c885e49f-cfc8-4822-a3de-c762a40ed38a}</UniqueIdentifier>
    </Filter>
  </ItemGroup>
  <ItemGroup>
    <ClCompile Include="client.c">
      <Filter>Source Files</Filter>
    </ClCompile>
    <ClCompile Include="expr.c">
      <Filter>Source Files</Filter>
    </ClCompile>
    <ClCompile Include="getopt.c">
      <Filter>Source Files</Filter>
    </ClCompile>
    <ClCompile Include="hash.c">
      <Filter>Source Files</Filter>
    </ClCompile>
    <ClCompile Include="header.c">
      <Filter>Source Files</Filter>
    </ClCompile>
    <ClCompile Include="parser.tab.c">
      <Filter>Source Files</Filter>
    </ClCompile>
    <ClCompile Include="parser.yy.c">
      <Filter>Source Files</Filter>
    </ClCompile>
    <ClCompile Include="proxy.c">
      <Filter>Source Files</Filter>
    </ClCompile>
    <ClCompile Include="register.c">
      <Filter>Source Files</Filter>
    </ClCompile>
    <ClCompile Include="server.c">
      <Filter>Source Files</Filter>
    </ClCompile>
    <ClCompile Include="typegen.c">
      <Filter>Source Files</Filter>
    </ClCompile>
    <ClCompile Include="typelib.c">
      <Filter>Source Files</Filter>
    </ClCompile>
    <ClCompile Include="typetree.c">
      <Filter>Source Files</Filter>
    </ClCompile>
    <ClCompile Include="utils.c">
      <Filter>Source Files</Filter>
    </ClCompile>
    <ClCompile Include="widl.c">
      <Filter>Source Files</Filter>
    </ClCompile>
    <ClCompile Include="write_msft.c">
      <Filter>Source Files</Filter>
    </ClCompile>
    <ClCompile Include="port\mkstemps.c">
      <Filter>port</Filter>
    </ClCompile>
  </ItemGroup>
  <ItemGroup>
    <None Include="CMakeLists.txt" />
    <None Include="parser.l" />
    <None Include="parser.y" />
    <None Include="widl_ros.diff" />
  </ItemGroup>
  <ItemGroup>
    <ClInclude Include="expr.h">
      <Filter>Header Files</Filter>
    </ClInclude>
    <ClInclude Include="hash.h">
      <Filter>Header Files</Filter>
    </ClInclude>
    <ClInclude Include="header.h">
      <Filter>Header Files</Filter>
    </ClInclude>
    <ClInclude Include="parser.h">
      <Filter>Header Files</Filter>
    </ClInclude>
    <ClInclude Include="parser.tab.h">
      <Filter>Header Files</Filter>
    </ClInclude>
    <ClInclude Include="typegen.h">
      <Filter>Header Files</Filter>
    </ClInclude>
    <ClInclude Include="typelib.h">
      <Filter>Header Files</Filter>
    </ClInclude>
    <ClInclude Include="typelib_struct.h">
      <Filter>Header Files</Filter>
    </ClInclude>
    <ClInclude Include="typetree.h">
      <Filter>Header Files</Filter>
    </ClInclude>
    <ClInclude Include="utils.h">
      <Filter>Header Files</Filter>
    </ClInclude>
    <ClInclude Include="widl.h">
      <Filter>Header Files</Filter>
    </ClInclude>
    <ClInclude Include="widltypes.h">
      <Filter>Header Files</Filter>
    </ClInclude>
  </ItemGroup>
</Project>