
Microsoft Visual Studio Solution File, Format Version 9.00
# Visual Studio 2005
Project("{8BC9CEB8-8B4A-11D0-8D11-00A0C91BC942}") = "mstsc", "mstsc_vc8_auto.vcproj", "{B6EF8F33-E4EA-495D-9E94-9A6ADBC235ED}"
EndProject
Global
	GlobalSection(SolutionConfigurationPlatforms) = preSolution
		Debug - ReactOS headers|Win32 = Debug - ReactOS headers|Win32
		Debug|Win32 = Debug|Win32
		Release - ReactOS headers|Win32 = Release - ReactOS headers|Win32
		Release|Win32 = Release|Win32
		Speed - ReactOS headers|Win32 = Speed - ReactOS headers|Win32
		Speed|Win32 = Speed|Win32
	EndGlobalSection
	GlobalSection(ProjectConfigurationPlatforms) = postSolution
		{B6EF8F33-E4EA-495D-9E94-9A6ADBC235ED}.Debug - ReactOS headers|Win32.ActiveCfg = Debug - ReactOS headers|Win32
		{B6EF8F33-E4EA-495D-9E94-9A6ADBC235ED}.Debug - ReactOS headers|Win32.Build.0 = Debug - ReactOS headers|Win32
		{B6EF8F33-E4EA-495D-9E94-9A6ADBC235ED}.Debug|Win32.ActiveCfg = Debug|Win32
		{B6EF8F33-E4EA-495D-9E94-9A6ADBC235ED}.Debug|Win32.Build.0 = Debug|Win32
		{B6EF8F33-E4EA-495D-9E94-9A6ADBC235ED}.Release - ReactOS headers|Win32.ActiveCfg = Release - ReactOS headers|Win32
		{B6EF8F33-E4EA-495D-9E94-9A6ADBC235ED}.Release - ReactOS headers|Win32.Build.0 = Release - ReactOS headers|Win32
		{B6EF8F33-E4EA-495D-9E94-9A6ADBC235ED}.Release|Win32.ActiveCfg = Release|Win32
		{B6EF8F33-E4EA-495D-9E94-9A6ADBC235ED}.Release|Win32.Build.0 = Release|Win32
		{B6EF8F33-E4EA-495D-9E94-9A6ADBC235ED}.Speed - ReactOS headers|Win32.ActiveCfg = Speed - ReactOS headers|Win32
		{B6EF8F33-E4EA-495D-9E94-9A6ADBC235ED}.Speed - ReactOS headers|Win32.Build.0 = Speed - ReactOS headers|Win32
		{B6EF8F33-E4EA-495D-9E94-9A6ADBC235ED}.Speed|Win32.ActiveCfg = Speed|Win32
		{B6EF8F33-E4EA-495D-9E94-9A6ADBC235ED}.Speed|Win32.Build.0 = Speed|Win32
	EndGlobalSection
	GlobalSection(SolutionProperties) = preSolution
		HideSolutionNode = FALSE
	EndGlobalSection
EndGlobal
