<?xml version="1.0" encoding="utf-8"?>
<Project ToolsVersion="4.0" xmlns="http://schemas.microsoft.com/developer/msbuild/2003">
  <ItemGroup>
    <Filter Include="Source Files">
      <UniqueIdentifier>{4FC737F1-C7A5-4376-A066-2A32D752A2FF}</UniqueIdentifier>
      <Extensions>cpp;c;cc;cxx;def;odl;idl;hpj;bat;asm;asmx</Extensions>
    </Filter>
    <Filter Include="Header Files">
      <UniqueIdentifier>{93995380-89BD-4b04-88EB-625FBE52EBFB}</UniqueIdentifier>
      <Extensions>h;hpp;hxx;hm;inl;inc;xsd</Extensions>
    </Filter>
    <Filter Include="Resource Files">
      <UniqueIdentifier>{67DA6AB6-F800-4c08-8B7A-83BB121AAD01}</UniqueIdentifier>
      <Extensions>rc;ico;cur;bmp;dlg;rc2;rct;bin;rgs;gif;jpg;jpeg;jpe;resx;tiff;tif;png;wav;mfcribbon-ms</Extensions>
    </Filter>
    <Filter Include="halx86">
      <UniqueIdentifier>{34280057-76dc-4e68-86d0-fffe9919505f}</UniqueIdentifier>
    </Filter>
    <Filter Include="halx86\acpi">
      <UniqueIdentifier>{74bcb50e-cc22-4435-ad06-a3cfc02959da}</UniqueIdentifier>
    </Filter>
    <Filter Include="halx86\legacy">
      <UniqueIdentifier>{f24a5de9-2343-41b8-b905-65075164ad2f}</UniqueIdentifier>
    </Filter>
    <Filter Include="halx86\legacy\bus">
      <UniqueIdentifier>{3463c5c4-c655-4d58-8abc-99069c57ca51}</UniqueIdentifier>
    </Filter>
  </ItemGroup>
  <ItemGroup>
    <ClCompile Include="..\halx86\acpi\busemul.c">
      <Filter>halx86\acpi</Filter>
    </ClCompile>
    <ClCompile Include="..\halx86\acpi\halacpi.c">
      <Filter>halx86\acpi</Filter>
    </ClCompile>
    <ClCompile Include="..\halx86\acpi\halpnpdd.c">
      <Filter>halx86\acpi</Filter>
    </ClCompile>
    <ClCompile Include="..\halx86\legacy\bus\pcibus.c">
      <Filter>halx86\legacy\bus</Filter>
    </ClCompile>
  </ItemGroup>
  <ItemGroup>
    <None Include="..\halx86\acpi.cmake" />
  </ItemGroup>
</Project>