<?xml version="1.0" encoding="utf-8"?>
<Project ToolsVersion="4.0" xmlns="http://schemas.microsoft.com/developer/msbuild/2003">
  <ItemGroup>
    <Filter Include="Source Files">
      <UniqueIdentifier>{4FC737F1-C7A5-4376-A066-2A32D752A2FF}</UniqueIdentifier>
      <Extensions>cpp;c;cc;cxx;def;odl;idl;hpj;bat;asm;asmx</Extensions>
    </Filter>
    <Filter Include="Header Files">
      <UniqueIdentifier>{93995380-89BD-4b04-88EB-625FBE52EBFB}</UniqueIdentifier>
      <Extensions>h;hpp;hxx;hm;inl;inc;xsd</Extensions>
    </Filter>
    <Filter Include="Resource Files">
      <UniqueIdentifier>{67DA6AB6-F800-4c08-8B7A-83BB121AAD01}</UniqueIdentifier>
      <Extensions>rc;ico;cur;bmp;dlg;rc2;rct;bin;rgs;gif;jpg;jpeg;jpe;resx;tiff;tif;png;wav;mfcribbon-ms</Extensions>
    </Filter>
    <Filter Include="halx86">
      <UniqueIdentifier>{681a3e9b-a231-4b63-b8a1-56e940bf2074}</UniqueIdentifier>
    </Filter>
    <Filter Include="halx86\generic">
      <UniqueIdentifier>{751e702d-4501-470d-a76e-b981871fb434}</UniqueIdentifier>
    </Filter>
    <Filter Include="halx86\legacy">
      <UniqueIdentifier>{b3704b2e-5c32-4cf8-be7b-63142013b19f}</UniqueIdentifier>
    </Filter>
    <Filter Include="halx86\legacy\bus">
      <UniqueIdentifier>{cacc4ee3-f177-4293-b840-6e59b12b906f}</UniqueIdentifier>
    </Filter>
    <Filter Include="halx86\up">
      <UniqueIdentifier>{a626d085-5343-4b5b-a22a-8d59424949f8}</UniqueIdentifier>
    </Filter>
  </ItemGroup>
  <ItemGroup>
    <ClCompile Include="..\halx86\generic\portio.c">
      <Filter>halx86\generic</Filter>
    </ClCompile>
    <ClCompile Include="..\halx86\legacy\bussupp.c">
      <Filter>halx86\legacy</Filter>
    </ClCompile>
    <ClCompile Include="..\halx86\legacy\bus\bushndlr.c">
      <Filter>halx86\legacy\bus</Filter>
    </ClCompile>
    <ClCompile Include="..\halx86\legacy\bus\cmosbus.c">
      <Filter>halx86\legacy\bus</Filter>
    </ClCompile>
    <ClCompile Include="..\halx86\legacy\bus\isabus.c">
      <Filter>halx86\legacy\bus</Filter>
    </ClCompile>
    <ClCompile Include="..\halx86\legacy\bus\pcibus.c">
      <Filter>halx86\legacy\bus</Filter>
    </ClCompile>
    <ClCompile Include="..\halx86\legacy\bus\sysbus.c">
      <Filter>halx86\legacy\bus</Filter>
    </ClCompile>
    <ClCompile Include="..\halx86\up\halinit_mini.c">
      <Filter>halx86\up</Filter>
    </ClCompile>
    <ClCompile Include="..\halx86\up\pic.c">
      <Filter>halx86\up</Filter>
    </ClCompile>
    <ClCompile Include="..\halx86\up\processor.c">
      <Filter>halx86\up</Filter>
    </ClCompile>
    <ClCompile Include="..\halx86\generic\beep.c">
      <Filter>halx86\generic</Filter>
    </ClCompile>
    <ClCompile Include="..\halx86\generic\bios.c">
      <Filter>halx86\generic</Filter>
    </ClCompile>
    <ClCompile Include="..\halx86\generic\cmos.c">
      <Filter>halx86\generic</Filter>
    </ClCompile>
    <ClCompile Include="..\halx86\generic\display.c">
      <Filter>halx86\generic</Filter>
    </ClCompile>
    <ClCompile Include="..\halx86\generic\dma.c">
      <Filter>halx86\generic</Filter>
    </ClCompile>
    <ClCompile Include="..\halx86\generic\drive.c">
      <Filter>halx86\generic</Filter>
    </ClCompile>
    <ClCompile Include="..\halx86\generic\misc.c">
      <Filter>halx86\generic</Filter>
    </ClCompile>
    <ClCompile Include="..\halx86\generic\profil.c">
      <Filter>halx86\generic</Filter>
    </ClCompile>
    <ClCompile Include="..\halx86\generic\reboot.c">
      <Filter>halx86\generic</Filter>
    </ClCompile>
    <ClCompile Include="..\halx86\generic\spinlock.c">
      <Filter>halx86\generic</Filter>
    </ClCompile>
    <ClCompile Include="..\halx86\generic\sysinfo.c">
      <Filter>halx86\generic</Filter>
    </ClCompile>
    <ClCompile Include="..\halx86\generic\timer.c">
      <Filter>halx86\generic</Filter>
    </ClCompile>
    <ClCompile Include="..\halx86\generic\usage.c">
      <Filter>halx86\generic</Filter>
    </ClCompile>
  </ItemGroup>
  <ItemGroup>
    <CustomBuild Include="..\halx86\generic\systimer.S">
      <Filter>halx86\generic</Filter>
    </CustomBuild>
  </ItemGroup>
  <ItemGroup>
    <None Include="..\halx86\minihal.cmake" />
  </ItemGroup>
</Project>