
Microsoft Visual Studio Solution File, Format Version 9.00
# Visual Studio 2005
Project("{FAE04EC0-301F-11D3-BF4B-00C04F79EFBC}") = "SysGen.Make", "SysGen.Make\SysGen.Make.csproj", "{8B1229C7-6188-4621-A648-843CB9B5C72E}"
EndProject
Global
	GlobalSection(SolutionConfigurationPlatforms) = preSolution
		Debug|Any CPU = Debug|Any CPU
		Release|Any CPU = Release|Any CPU
	EndGlobalSection
	GlobalSection(ProjectConfigurationPlatforms) = postSolution
		{8B1229C7-6188-4621-A648-843CB9B5C72E}.Debug|Any CPU.ActiveCfg = Debug|Any CPU
		{8B1229C7-6188-4621-A648-843CB9B5C72E}.Debug|Any CPU.Build.0 = Debug|Any CPU
		{8B1229C7-6188-4621-A648-843CB9B5C72E}.Release|Any CPU.ActiveCfg = Release|Any CPU
		{8B1229C7-6188-4621-A648-843CB9B5C72E}.Release|Any CPU.Build.0 = Release|Any CPU
	EndGlobalSection
	GlobalSection(SolutionProperties) = preSolution
		HideSolutionNode = FALSE
	EndGlobalSection
EndGlobal
